
Microsoft Visual Studio Solution File, Format Version 12.00
# Visual Studio Version 16
VisualStudioVersion = 16.0.31205.134
MinimumVisualStudioVersion = 10.0.40219.1
Project("{FAE04EC0-301F-11D3-BF4B-00C04F79EFBC}") = "TestConsole", "TestConsole\TestConsole.csproj", "{A78AE22D-F98E-4546-AD06-235F9DF0615C}"
EndProject
Project("{9A19103F-16F7-4668-BE54-9A1E7A4F7556}") = "iRLeagueDatabaseCore", "iRLeagueDatabaseCore\iRLeagueDatabaseCore.csproj", "{45B97384-487F-4AA8-992B-12BE9A2C7B1C}"
EndProject
Project("{FAE04EC0-301F-11D3-BF4B-00C04F79EFBC}") = "DbIntegrationTests", "DbIntegrationTests\DbIntegrationTests.csproj", "{3DD78A18-35C1-4796-9A1B-A764B5ABDE33}"
EndProject
Project("{FAE04EC0-301F-11D3-BF4B-00C04F79EFBC}") = "UnitTests", "UnitTests\UnitTests.csproj", "{5B310B31-A4C0-46C6-8B4B-839D7173AE97}"
EndProject
Global
	GlobalSection(SolutionConfigurationPlatforms) = preSolution
		Debug|Any CPU = Debug|Any CPU
		Release|Any CPU = Release|Any CPU
	EndGlobalSection
	GlobalSection(ProjectConfigurationPlatforms) = postSolution
		{45B97384-487F-4AA8-992B-12BE9A2C7B1C}.Debug|Any CPU.ActiveCfg = Debug|Any CPU
		{45B97384-487F-4AA8-992B-12BE9A2C7B1C}.Debug|Any CPU.Build.0 = Debug|Any CPU
		{45B97384-487F-4AA8-992B-12BE9A2C7B1C}.Release|Any CPU.ActiveCfg = Release|Any CPU
		{45B97384-487F-4AA8-992B-12BE9A2C7B1C}.Release|Any CPU.Build.0 = Release|Any CPU
		{5B310B31-A4C0-46C6-8B4B-839D7173AE97}.Debug|Any CPU.ActiveCfg = Debug|Any CPU
		{5B310B31-A4C0-46C6-8B4B-839D7173AE97}.Debug|Any CPU.Build.0 = Debug|Any CPU
		{5B310B31-A4C0-46C6-8B4B-839D7173AE97}.Release|Any CPU.ActiveCfg = Release|Any CPU
		{5B310B31-A4C0-46C6-8B4B-839D7173AE97}.Release|Any CPU.Build.0 = Release|Any CPU
		{A78AE22D-F98E-4546-AD06-235F9DF0615C}.Debug|Any CPU.ActiveCfg = Debug|Any CPU
		{A78AE22D-F98E-4546-AD06-235F9DF0615C}.Debug|Any CPU.Build.0 = Debug|Any CPU
		{A78AE22D-F98E-4546-AD06-235F9DF0615C}.Release|Any CPU.ActiveCfg = Release|Any CPU
		{A78AE22D-F98E-4546-AD06-235F9DF0615C}.Release|Any CPU.Build.0 = Release|Any CPU
		{3DD78A18-35C1-4796-9A1B-A764B5ABDE33}.Debug|Any CPU.ActiveCfg = Debug|Any CPU
		{3DD78A18-35C1-4796-9A1B-A764B5ABDE33}.Debug|Any CPU.Build.0 = Debug|Any CPU
		{3DD78A18-35C1-4796-9A1B-A764B5ABDE33}.Release|Any CPU.ActiveCfg = Release|Any CPU
		{3DD78A18-35C1-4796-9A1B-A764B5ABDE33}.Release|Any CPU.Build.0 = Release|Any CPU
	EndGlobalSection
	GlobalSection(SolutionProperties) = preSolution
		HideSolutionNode = FALSE
	EndGlobalSection
	GlobalSection(ExtensibilityGlobals) = postSolution
		SolutionGuid = {2187801A-C697-4D69-9F26-094AB22BAFEF}
	EndGlobalSection
EndGlobal
